// !$*UTF8*$!
{
	archiveVersion = 1;
	classes = {
	};
	objectVersion = 48;
	objects = {

/* Begin PBXBuildFile section */
		53CF134B2032797000E1CCBE /* AppDelegate.swift in Sources */ = {isa = PBXBuildFile; fileRef = 53CF134A2032797000E1CCBE /* AppDelegate.swift */; };
		53CF13502032797000E1CCBE /* Main.storyboard in Resources */ = {isa = PBXBuildFile; fileRef = 53CF134E2032797000E1CCBE /* Main.storyboard */; };
		53CF13522032797000E1CCBE /* Assets.xcassets in Resources */ = {isa = PBXBuildFile; fileRef = 53CF13512032797000E1CCBE /* Assets.xcassets */; };
		53CF13552032797000E1CCBE /* LaunchScreen.storyboard in Resources */ = {isa = PBXBuildFile; fileRef = 53CF13532032797000E1CCBE /* LaunchScreen.storyboard */; };
		53CF135D203289DB00E1CCBE /* team.json in Resources */ = {isa = PBXBuildFile; fileRef = 53CF135C203289DB00E1CCBE /* team.json */; };
		53CF136020328DBE00E1CCBE /* TeamMember.swift in Sources */ = {isa = PBXBuildFile; fileRef = 53CF135F20328DBE00E1CCBE /* TeamMember.swift */; };
		53CF1363203291F200E1CCBE /* TeamProfilesViewController.swift in Sources */ = {isa = PBXBuildFile; fileRef = 53CF1362203291F200E1CCBE /* TeamProfilesViewController.swift */; };
		53F06A5A2033940500BC0F3F /* NetworkController.swift in Sources */ = {isa = PBXBuildFile; fileRef = 53F06A592033940500BC0F3F /* NetworkController.swift */; };
		53F06A602033A54800BC0F3F /* AvatarCollectionViewCell.swift in Sources */ = {isa = PBXBuildFile; fileRef = 53F06A5F2033A54800BC0F3F /* AvatarCollectionViewCell.swift */; };
/* End PBXBuildFile section */

/* Begin PBXFileReference section */
		53CF13472032797000E1CCBE /* SoFiProject.app */ = {isa = PBXFileReference; explicitFileType = wrapper.application; includeInIndex = 0; path = SoFiProject.app; sourceTree = BUILT_PRODUCTS_DIR; };
		53CF134A2032797000E1CCBE /* AppDelegate.swift */ = {isa = PBXFileReference; lastKnownFileType = sourcecode.swift; path = AppDelegate.swift; sourceTree = "<group>"; };
		53CF134F2032797000E1CCBE /* Base */ = {isa = PBXFileReference; lastKnownFileType = file.storyboard; name = Base; path = Base.lproj/Main.storyboard; sourceTree = "<group>"; };
		53CF13512032797000E1CCBE /* Assets.xcassets */ = {isa = PBXFileReference; lastKnownFileType = folder.assetcatalog; path = Assets.xcassets; sourceTree = "<group>"; };
		53CF13542032797000E1CCBE /* Base */ = {isa = PBXFileReference; lastKnownFileType = file.storyboard; name = Base; path = Base.lproj/LaunchScreen.storyboard; sourceTree = "<group>"; };
		53CF13562032797000E1CCBE /* Info.plist */ = {isa = PBXFileReference; lastKnownFileType = text.plist.xml; path = Info.plist; sourceTree = "<group>"; };
		53CF135C203289DB00E1CCBE /* team.json */ = {isa = PBXFileReference; fileEncoding = 4; lastKnownFileType = text.json; path = team.json; sourceTree = "<group>"; };
		53CF135F20328DBE00E1CCBE /* TeamMember.swift */ = {isa = PBXFileReference; lastKnownFileType = sourcecode.swift; path = TeamMember.swift; sourceTree = "<group>"; };
		53CF1362203291F200E1CCBE /* TeamProfilesViewController.swift */ = {isa = PBXFileReference; lastKnownFileType = sourcecode.swift; path = TeamProfilesViewController.swift; sourceTree = "<group>"; };
		53F06A592033940500BC0F3F /* NetworkController.swift */ = {isa = PBXFileReference; lastKnownFileType = sourcecode.swift; path = NetworkController.swift; sourceTree = "<group>"; };
		53F06A5F2033A54800BC0F3F /* AvatarCollectionViewCell.swift */ = {isa = PBXFileReference; lastKnownFileType = sourcecode.swift; path = AvatarCollectionViewCell.swift; sourceTree = "<group>"; };
/* End PBXFileReference section */

/* Begin PBXFrameworksBuildPhase section */
		53CF13442032797000E1CCBE /* Frameworks */ = {
			isa = PBXFrameworksBuildPhase;
			buildActionMask = 2147483647;
			files = (
			);
			runOnlyForDeploymentPostprocessing = 0;
		};
/* End PBXFrameworksBuildPhase section */

/* Begin PBXGroup section */
		53CF133E2032797000E1CCBE = {
			isa = PBXGroup;
			children = (
				53CF13492032797000E1CCBE /* SoFiProject */,
				53CF13482032797000E1CCBE /* Products */,
			);
			sourceTree = "<group>";
		};
		53CF13482032797000E1CCBE /* Products */ = {
			isa = PBXGroup;
			children = (
				53CF13472032797000E1CCBE /* SoFiProject.app */,
			);
			name = Products;
			sourceTree = "<group>";
		};
		53CF13492032797000E1CCBE /* SoFiProject */ = {
			isa = PBXGroup;
			children = (
				53CF13612032913400E1CCBE /* Views */,
				53CF135E20328D9D00E1CCBE /* Models */,
				53F06A5620329A5A00BC0F3F /* Resources */,
				53CF13562032797000E1CCBE /* Info.plist */,
				53CF13512032797000E1CCBE /* Assets.xcassets */,
			);
			path = SoFiProject;
			sourceTree = "<group>";
		};
		53CF135E20328D9D00E1CCBE /* Models */ = {
			isa = PBXGroup;
			children = (
				53CF135F20328DBE00E1CCBE /* TeamMember.swift */,
			);
			path = Models;
			sourceTree = "<group>";
		};
		53CF13612032913400E1CCBE /* Views */ = {
			isa = PBXGroup;
			children = (
				53CF13532032797000E1CCBE /* LaunchScreen.storyboard */,
				53CF134E2032797000E1CCBE /* Main.storyboard */,
				53CF1362203291F200E1CCBE /* TeamProfilesViewController.swift */,
				53F06A5F2033A54800BC0F3F /* AvatarCollectionViewCell.swift */,
			);
			path = Views;
			sourceTree = "<group>";
		};
		53F06A5620329A5A00BC0F3F /* Resources */ = {
			isa = PBXGroup;
			children = (
				53F06A592033940500BC0F3F /* NetworkController.swift */,
				53CF134A2032797000E1CCBE /* AppDelegate.swift */,
				53CF135C203289DB00E1CCBE /* team.json */,
			);
			path = Resources;
			sourceTree = "<group>";
		};
/* End PBXGroup section */

/* Begin PBXNativeTarget section */
		53CF13462032797000E1CCBE /* SoFiProject */ = {
			isa = PBXNativeTarget;
			buildConfigurationList = 53CF13592032797000E1CCBE /* Build configuration list for PBXNativeTarget "SoFiProject" */;
			buildPhases = (
				53CF13432032797000E1CCBE /* Sources */,
				53CF13442032797000E1CCBE /* Frameworks */,
				53CF13452032797000E1CCBE /* Resources */,
			);
			buildRules = (
			);
			dependencies = (
			);
			name = SoFiProject;
			productName = SoFiProject;
			productReference = 53CF13472032797000E1CCBE /* SoFiProject.app */;
			productType = "com.apple.product-type.application";
		};
/* End PBXNativeTarget section */

/* Begin PBXProject section */
		53CF133F2032797000E1CCBE /* Project object */ = {
			isa = PBXProject;
			attributes = {
				LastSwiftUpdateCheck = 0920;
				LastUpgradeCheck = 0920;
				ORGANIZATIONNAME = "Keaton Harward";
				TargetAttributes = {
					53CF13462032797000E1CCBE = {
						CreatedOnToolsVersion = 9.2;
						ProvisioningStyle = Automatic;
					};
				};
			};
			buildConfigurationList = 53CF13422032797000E1CCBE /* Build configuration list for PBXProject "SoFiProject" */;
			compatibilityVersion = "Xcode 8.0";
			developmentRegion = en;
			hasScannedForEncodings = 0;
			knownRegions = (
				en,
				Base,
			);
			mainGroup = 53CF133E2032797000E1CCBE;
			productRefGroup = 53CF13482032797000E1CCBE /* Products */;
			projectDirPath = "";
			projectRoot = "";
			targets = (
				53CF13462032797000E1CCBE /* SoFiProject */,
			);
		};
/* End PBXProject section */

/* Begin PBXResourcesBuildPhase section */
		53CF13452032797000E1CCBE /* Resources */ = {
			isa = PBXResourcesBuildPhase;
			buildActionMask = 2147483647;
			files = (
				53CF135D203289DB00E1CCBE /* team.json in Resources */,
				53CF13552032797000E1CCBE /* LaunchScreen.storyboard in Resources */,
				53CF13522032797000E1CCBE /* Assets.xcassets in Resources */,
				53CF13502032797000E1CCBE /* Main.storyboard in Resources */,
			);
			runOnlyForDeploymentPostprocessing = 0;
		};
/* End PBXResourcesBuildPhase section */

/* Begin PBXSourcesBuildPhase section */
		53CF13432032797000E1CCBE /* Sources */ = {
			isa = PBXSourcesBuildPhase;
			buildActionMask = 2147483647;
			files = (
				53F06A5A2033940500BC0F3F /* NetworkController.swift in Sources */,
				53CF136020328DBE00E1CCBE /* TeamMember.swift in Sources */,
				53CF1363203291F200E1CCBE /* TeamProfilesViewController.swift in Sources */,
				53CF134B2032797000E1CCBE /* AppDelegate.swift in Sources */,
				53F06A602033A54800BC0F3F /* AvatarCollectionViewCell.swift in Sources */,
			);
			runOnlyForDeploymentPostprocessing = 0;
		};
/* End PBXSourcesBuildPhase section */

/* Begin PBXVariantGroup section */
		53CF134E2032797000E1CCBE /* Main.storyboard */ = {
			isa = PBXVariantGroup;
			children = (
				53CF134F2032797000E1CCBE /* Base */,
			);
			name = Main.storyboard;
			sourceTree = "<group>";
		};
		53CF13532032797000E1CCBE /* LaunchScreen.storyboard */ = {
			isa = PBXVariantGroup;
			children = (
				53CF13542032797000E1CCBE /* Base */,
			);
			name = LaunchScreen.storyboard;
			sourceTree = "<group>";
		};
/* End PBXVariantGroup section */

/* Begin XCBuildConfiguration section */
		53CF13572032797000E1CCBE /* Debug */ = {
			isa = XCBuildConfiguration;
			buildSettings = {
				ALWAYS_SEARCH_USER_PATHS = NO;
				CLANG_ANALYZER_NONNULL = YES;
				CLANG_ANALYZER_NUMBER_OBJECT_CONVERSION = YES_AGGRESSIVE;
				CLANG_CXX_LANGUAGE_STANDARD = "gnu++14";
				CLANG_CXX_LIBRARY = "libc++";
				CLANG_ENABLE_MODULES = YES;
				CLANG_ENABLE_OBJC_ARC = YES;
				CLANG_WARN_BLOCK_CAPTURE_AUTORELEASING = YES;
				CLANG_WARN_BOOL_CONVERSION = YES;
				CLANG_WARN_COMMA = YES;
				CLANG_WARN_CONSTANT_CONVERSION = YES;
				CLANG_WARN_DIRECT_OBJC_ISA_USAGE = YES_ERROR;
				CLANG_WARN_DOCUMENTATION_COMMENTS = YES;
				CLANG_WARN_EMPTY_BODY = YES;
				CLANG_WARN_ENUM_CONVERSION = YES;
				CLANG_WARN_INFINITE_RECURSION = YES;
				CLANG_WARN_INT_CONVERSION = YES;
				CLANG_WARN_NON_LITERAL_NULL_CONVERSION = YES;
				CLANG_WARN_OBJC_LITERAL_CONVERSION = YES;
				CLANG_WARN_OBJC_ROOT_CLASS = YES_ERROR;
				CLANG_WARN_RANGE_LOOP_ANALYSIS = YES;
				CLANG_WARN_STRICT_PROTOTYPES = YES;
				CLANG_WARN_SUSPICIOUS_MOVE = YES;
				CLANG_WARN_UNGUARDED_AVAILABILITY = YES_AGGRESSIVE;
				CLANG_WARN_UNREACHABLE_CODE = YES;
				CLANG_WARN__DUPLICATE_METHOD_MATCH = YES;
				CODE_SIGN_IDENTITY = "iPhone Developer";
				COPY_PHASE_STRIP = NO;
				DEBUG_INFORMATION_FORMAT = dwarf;
				ENABLE_STRICT_OBJC_MSGSEND = YES;
				ENABLE_TESTABILITY = YES;
				GCC_C_LANGUAGE_STANDARD = gnu11;
				GCC_DYNAMIC_NO_PIC = NO;
				GCC_NO_COMMON_BLOCKS = YES;
				GCC_OPTIMIZATION_LEVEL = 0;
				GCC_PREPROCESSOR_DEFINITIONS = (
					"DEBUG=1",
					"$(inherited)",
				);
				GCC_WARN_64_TO_32_BIT_CONVERSION = YES;
				GCC_WARN_ABOUT_RETURN_TYPE = YES_ERROR;
				GCC_WARN_UNDECLARED_SELECTOR = YES;
				GCC_WARN_UNINITIALIZED_AUTOS = YES_AGGRESSIVE;
				GCC_WARN_UNUSED_FUNCTION = YES;
				GCC_WARN_UNUSED_VARIABLE = YES;
				IPHONEOS_DEPLOYMENT_TARGET = 11.2;
				MTL_ENABLE_DEBUG_INFO = YES;
				ONLY_ACTIVE_ARCH = YES;
				SDKROOT = iphoneos;
				SWIFT_ACTIVE_COMPILATION_CONDITIONS = DEBUG;
				SWIFT_OPTIMIZATION_LEVEL = "-Onone";
			};
			name = Debug;
		};
		53CF13582032797000E1CCBE /* Release */ = {
			isa = XCBuildConfiguration;
			buildSettings = {
				ALWAYS_SEARCH_USER_PATHS = NO;
				CLANG_ANALYZER_NONNULL = YES;
				CLANG_ANALYZER_NUMBER_OBJECT_CONVERSION = YES_AGGRESSIVE;
				CLANG_CXX_LANGUAGE_STANDARD = "gnu++14";
				CLANG_CXX_LIBRARY = "libc++";
				CLANG_ENABLE_MODULES = YES;
				CLANG_ENABLE_OBJC_ARC = YES;
				CLANG_WARN_BLOCK_CAPTURE_AUTORELEASING = YES;
				CLANG_WARN_BOOL_CONVERSION = YES;
				CLANG_WARN_COMMA = YES;
				CLANG_WARN_CONSTANT_CONVERSION = YES;
				CLANG_WARN_DIRECT_OBJC_ISA_USAGE = YES_ERROR;
				CLANG_WARN_DOCUMENTATION_COMMENTS = YES;
				CLANG_WARN_EMPTY_BODY = YES;
				CLANG_WARN_ENUM_CONVERSION = YES;
				CLANG_WARN_INFINITE_RECURSION = YES;
				CLANG_WARN_INT_CONVERSION = YES;
				CLANG_WARN_NON_LITERAL_NULL_CONVERSION = YES;
				CLANG_WARN_OBJC_LITERAL_CONVERSION = YES;
				CLANG_WARN_OBJC_ROOT_CLASS = YES_ERROR;
				CLANG_WARN_RANGE_LOOP_ANALYSIS = YES;
				CLANG_WARN_STRICT_PROTOTYPES = YES;
				CLANG_WARN_SUSPICIOUS_MOVE = YES;
				CLANG_WARN_UNGUARDED_AVAILABILITY = YES_AGGRESSIVE;
				CLANG_WARN_UNREACHABLE_CODE = YES;
				CLANG_WARN__DUPLICATE_METHOD_MATCH = YES;
				CODE_SIGN_IDENTITY = "iPhone Developer";
				COPY_PHASE_STRIP = NO;
				DEBUG_INFORMATION_FORMAT = "dwarf-with-dsym";
				ENABLE_NS_ASSERTIONS = NO;
				ENABLE_STRICT_OBJC_MSGSEND = YES;
				GCC_C_LANGUAGE_STANDARD = gnu11;
				GCC_NO_COMMON_BLOCKS = YES;
				GCC_WARN_64_TO_32_BIT_CONVERSION = YES;
				GCC_WARN_ABOUT_RETURN_TYPE = YES_ERROR;
				GCC_WARN_UNDECLARED_SELECTOR = YES;
				GCC_WARN_UNINITIALIZED_AUTOS = YES_AGGRESSIVE;
				GCC_WARN_UNUSED_FUNCTION = YES;
				GCC_WARN_UNUSED_VARIABLE = YES;
				IPHONEOS_DEPLOYMENT_TARGET = 11.2;
				MTL_ENABLE_DEBUG_INFO = NO;
				SDKROOT = iphoneos;
				SWIFT_OPTIMIZATION_LEVEL = "-Owholemodule";
				VALIDATE_PRODUCT = YES;
			};
			name = Release;
		};
		53CF135A2032797000E1CCBE /* Debug */ = {
			isa = XCBuildConfiguration;
			buildSettings = {
				ASSETCATALOG_COMPILER_APPICON_NAME = AppIcon;
				CODE_SIGN_STYLE = Automatic;
				DEVELOPMENT_TEAM = 7PDCTCAB87;
				INFOPLIST_FILE = SoFiProject/Info.plist;
				LD_RUNPATH_SEARCH_PATHS = "$(inherited) @executable_path/Frameworks";
				PRODUCT_BUNDLE_IDENTIFIER = com.keaton.SoFiProject;
				PRODUCT_NAME = "$(TARGET_NAME)";
				SWIFT_VERSION = 4.0;
				TARGETED_DEVICE_FAMILY = "1,2";
			};
			name = Debug;
		};
		53CF135B2032797000E1CCBE /* Release */ = {
			isa = XCBuildConfiguration;
			buildSettings = {
				ASSETCATALOG_COMPILER_APPICON_NAME = AppIcon;
				CODE_SIGN_STYLE = Automatic;
				DEVELOPMENT_TEAM = 7PDCTCAB87;
				INFOPLIST_FILE = SoFiProject/Info.plist;
				LD_RUNPATH_SEARCH_PATHS = "$(inherited) @executable_path/Frameworks";
				PRODUCT_BUNDLE_IDENTIFIER = com.keaton.SoFiProject;
				PRODUCT_NAME = "$(TARGET_NAME)";
				SWIFT_VERSION = 4.0;
				TARGETED_DEVICE_FAMILY = "1,2";
			};
			name = Release;
		};
/* End XCBuildConfiguration section */

/* Begin XCConfigurationList section */
		53CF13422032797000E1CCBE /* Build configuration list for PBXProject "SoFiProject" */ = {
			isa = XCConfigurationList;
			buildConfigurations = (
				53CF13572032797000E1CCBE /* Debug */,
				53CF13582032797000E1CCBE /* Release */,
			);
			defaultConfigurationIsVisible = 0;
			defaultConfigurationName = Release;
		};
		53CF13592032797000E1CCBE /* Build configuration list for PBXNativeTarget "SoFiProject" */ = {
			isa = XCConfigurationList;
			buildConfigurations = (
				53CF135A2032797000E1CCBE /* Debug */,
				53CF135B2032797000E1CCBE /* Release */,
			);
			defaultConfigurationIsVisible = 0;
			defaultConfigurationName = Release;
		};
/* End XCConfigurationList section */
	};
	rootObject = 53CF133F2032797000E1CCBE /* Project object */;
}
